
Microsoft Visual Studio Solution File, Format Version 12.00
# Visual Studio Version 16
VisualStudioVersion = 16.0.30907.101
MinimumVisualStudioVersion = 10.0.40219.1
Project("{9A19103F-16F7-4668-BE54-9A1E7A4F7556}") = "laba2_apl_ex1", "laba2_apl\laba2_apl_ex1.csproj", "{87F4C646-48C7-4B93-92AA-7F6FA3CE78A0}"
EndProject
Project("{9A19103F-16F7-4668-BE54-9A1E7A4F7556}") = "laba2_apl_ex2", "laba2_apl_ex2\laba2_apl_ex2.csproj", "{4F326F6B-795F-4FDB-BD64-E154EA91BF1B}"
EndProject
Project("{FAE04EC0-301F-11D3-BF4B-00C04F79EFBC}") = "laba2_apl_ex3", "laba2_apl_ex3\laba2_apl_ex3.csproj", "{54C5E5E4-A0AA-4FAF-84CC-EFD041ECF964}"
EndProject
Global
	GlobalSection(SolutionConfigurationPlatforms) = preSolution
		Debug|Any CPU = Debug|Any CPU
		Release|Any CPU = Release|Any CPU
	EndGlobalSection
	GlobalSection(ProjectConfigurationPlatforms) = postSolution
		{87F4C646-48C7-4B93-92AA-7F6FA3CE78A0}.Debug|Any CPU.ActiveCfg = Debug|Any CPU
		{87F4C646-48C7-4B93-92AA-7F6FA3CE78A0}.Debug|Any CPU.Build.0 = Debug|Any CPU
		{87F4C646-48C7-4B93-92AA-7F6FA3CE78A0}.Release|Any CPU.ActiveCfg = Release|Any CPU
		{87F4C646-48C7-4B93-92AA-7F6FA3CE78A0}.Release|Any CPU.Build.0 = Release|Any CPU
		{4F326F6B-795F-4FDB-BD64-E154EA91BF1B}.Debug|Any CPU.ActiveCfg = Debug|Any CPU
		{4F326F6B-795F-4FDB-BD64-E154EA91BF1B}.Debug|Any CPU.Build.0 = Debug|Any CPU
		{4F326F6B-795F-4FDB-BD64-E154EA91BF1B}.Release|Any CPU.ActiveCfg = Release|Any CPU
		{4F326F6B-795F-4FDB-BD64-E154EA91BF1B}.Release|Any CPU.Build.0 = Release|Any CPU
		{54C5E5E4-A0AA-4FAF-84CC-EFD041ECF964}.Debug|Any CPU.ActiveCfg = Debug|Any CPU
		{54C5E5E4-A0AA-4FAF-84CC-EFD041ECF964}.Debug|Any CPU.Build.0 = Debug|Any CPU
		{54C5E5E4-A0AA-4FAF-84CC-EFD041ECF964}.Release|Any CPU.ActiveCfg = Release|Any CPU
		{54C5E5E4-A0AA-4FAF-84CC-EFD041ECF964}.Release|Any CPU.Build.0 = Release|Any CPU
	EndGlobalSection
	GlobalSection(SolutionProperties) = preSolution
		HideSolutionNode = FALSE
	EndGlobalSection
	GlobalSection(ExtensibilityGlobals) = postSolution
		SolutionGuid = {FECF28C8-2B75-4222-8ACC-0D547442FD54}
	EndGlobalSection
EndGlobal
